
Microsoft Visual Studio Solution File, Format Version 12.00
# Visual Studio Version 17
VisualStudioVersion = 17.5.33516.290
MinimumVisualStudioVersion = 10.0.40219.1
Project("{9A19103F-16F7-4668-BE54-9A1E7A4F7556}") = "BD_FIRST_API_REST", "BD_FIRST_API_REST\BD_FIRST_API_REST.csproj", "{7EDA44E7-2782-4AA5-8DFB-4EFF97830587}"
EndProject
Project("{FAE04EC0-301F-11D3-BF4B-00C04F79EFBC}") = "AULA_25_05_2023_API_CODE_FIRST", "AULA_25_05_2023_API_CODE_FIRST\AULA_25_05_2023_API_CODE_FIRST.csproj", "{2A82A838-AD72-4501-868A-169FA26DA543}"
EndProject
Project("{FAE04EC0-301F-11D3-BF4B-00C04F79EFBC}") = "AULA_25_05_2023_API_BD_FIRST", "AULA_25_05_2023_API_BD_FIRST\AULA_25_05_2023_API_BD_FIRST.csproj", "{1F8F2E0C-A2A5-46B2-925B-BFB564F07827}"
EndProject
Global
	GlobalSection(SolutionConfigurationPlatforms) = preSolution
		Debug|Any CPU = Debug|Any CPU
		Release|Any CPU = Release|Any CPU
	EndGlobalSection
	GlobalSection(ProjectConfigurationPlatforms) = postSolution
		{7EDA44E7-2782-4AA5-8DFB-4EFF97830587}.Debug|Any CPU.ActiveCfg = Debug|Any CPU
		{7EDA44E7-2782-4AA5-8DFB-4EFF97830587}.Debug|Any CPU.Build.0 = Debug|Any CPU
		{7EDA44E7-2782-4AA5-8DFB-4EFF97830587}.Release|Any CPU.ActiveCfg = Release|Any CPU
		{7EDA44E7-2782-4AA5-8DFB-4EFF97830587}.Release|Any CPU.Build.0 = Release|Any CPU
		{2A82A838-AD72-4501-868A-169FA26DA543}.Debug|Any CPU.ActiveCfg = Debug|Any CPU
		{2A82A838-AD72-4501-868A-169FA26DA543}.Debug|Any CPU.Build.0 = Debug|Any CPU
		{2A82A838-AD72-4501-868A-169FA26DA543}.Release|Any CPU.ActiveCfg = Release|Any CPU
		{2A82A838-AD72-4501-868A-169FA26DA543}.Release|Any CPU.Build.0 = Release|Any CPU
		{1F8F2E0C-A2A5-46B2-925B-BFB564F07827}.Debug|Any CPU.ActiveCfg = Debug|Any CPU
		{1F8F2E0C-A2A5-46B2-925B-BFB564F07827}.Debug|Any CPU.Build.0 = Debug|Any CPU
		{1F8F2E0C-A2A5-46B2-925B-BFB564F07827}.Release|Any CPU.ActiveCfg = Release|Any CPU
		{1F8F2E0C-A2A5-46B2-925B-BFB564F07827}.Release|Any CPU.Build.0 = Release|Any CPU
	EndGlobalSection
	GlobalSection(SolutionProperties) = preSolution
		HideSolutionNode = FALSE
	EndGlobalSection
	GlobalSection(ExtensibilityGlobals) = postSolution
		SolutionGuid = {AAFF77A1-BB23-45C1-B129-99999B0E6B98}
	EndGlobalSection
EndGlobal
